// !$*UTF8*$!
{
	archiveVersion = 1;
	classes = {
	};
	objectVersion = 46;
	objects = {

/* Begin PBXBuildFile section */
		ED48F67F1C93F9100069B77F /* H264HwEncoderImpl.m in Sources */ = {isa = PBXBuildFile; fileRef = ED48F67E1C93F9100069B77F /* H264HwEncoderImpl.m */; };
		ED5B10B21CA693A400BEEA27 /* Default-568h@2x.png in Resources */ = {isa = PBXBuildFile; fileRef = ED5B10B11CA693A400BEEA27 /* Default-568h@2x.png */; };
		ED5B10B51CA694EF00BEEA27 /* librtmp.a in Frameworks */ = {isa = PBXBuildFile; fileRef = ED5B10B31CA6940600BEEA27 /* librtmp.a */; };
		ED5B10B71CA6985B00BEEA27 /* libssl.a in Frameworks */ = {isa = PBXBuildFile; fileRef = ED5B10B61CA6985B00BEEA27 /* libssl.a */; };
		ED5B10BB1CA6995600BEEA27 /* libcrypto.a in Frameworks */ = {isa = PBXBuildFile; fileRef = ED5B10BA1CA6995600BEEA27 /* libcrypto.a */; };
		ED5B10BD1CA69DCF00BEEA27 /* libz.1.1.3.tbd in Frameworks */ = {isa = PBXBuildFile; fileRef = ED5B10BC1CA69DCF00BEEA27 /* libz.1.1.3.tbd */; };
		EDB4DBBC1CA4CB7400ECC2CF /* RTMPSession.mm in Sources */ = {isa = PBXBuildFile; fileRef = EDB4DBBB1CA4CB7400ECC2CF /* RTMPSession.mm */; };
		EDB4DBBF1CA4CC0B00ECC2CF /* CameraSource.m in Sources */ = {isa = PBXBuildFile; fileRef = EDB4DBBE1CA4CC0B00ECC2CF /* CameraSource.m */; };
		EDF129551C93E4180014CB61 /* main.m in Sources */ = {isa = PBXBuildFile; fileRef = EDF129541C93E4180014CB61 /* main.m */; };
		EDF129581C93E4180014CB61 /* AppDelegate.m in Sources */ = {isa = PBXBuildFile; fileRef = EDF129571C93E4180014CB61 /* AppDelegate.m */; };
		EDF1295B1C93E4180014CB61 /* ViewController.m in Sources */ = {isa = PBXBuildFile; fileRef = EDF1295A1C93E4180014CB61 /* ViewController.m */; };
		EDF1295E1C93E4180014CB61 /* Main.storyboard in Resources */ = {isa = PBXBuildFile; fileRef = EDF1295C1C93E4180014CB61 /* Main.storyboard */; };
		EDF129601C93E4180014CB61 /* Assets.xcassets in Resources */ = {isa = PBXBuildFile; fileRef = EDF1295F1C93E4180014CB61 /* Assets.xcassets */; };
		EDF129631C93E4180014CB61 /* LaunchScreen.storyboard in Resources */ = {isa = PBXBuildFile; fileRef = EDF129611C93E4180014CB61 /* LaunchScreen.storyboard */; };
		EDF1296E1C93E4180014CB61 /* AVRecorderTests.m in Sources */ = {isa = PBXBuildFile; fileRef = EDF1296D1C93E4180014CB61 /* AVRecorderTests.m */; };
		EDF129791C93E4180014CB61 /* AVRecorderUITests.m in Sources */ = {isa = PBXBuildFile; fileRef = EDF129781C93E4180014CB61 /* AVRecorderUITests.m */; };
/* End PBXBuildFile section */

/* Begin PBXContainerItemProxy section */
		EDF1296A1C93E4180014CB61 /* PBXContainerItemProxy */ = {
			isa = PBXContainerItemProxy;
			containerPortal = EDF129481C93E4180014CB61 /* Project object */;
			proxyType = 1;
			remoteGlobalIDString = EDF1294F1C93E4180014CB61;
			remoteInfo = AVRecorder;
		};
		EDF129751C93E4180014CB61 /* PBXContainerItemProxy */ = {
			isa = PBXContainerItemProxy;
			containerPortal = EDF129481C93E4180014CB61 /* Project object */;
			proxyType = 1;
			remoteGlobalIDString = EDF1294F1C93E4180014CB61;
			remoteInfo = AVRecorder;
		};
/* End PBXContainerItemProxy section */

/* Begin PBXFileReference section */
		ED48F67D1C93F9100069B77F /* H264HwEncoderImpl.h */ = {isa = PBXFileReference; fileEncoding = 4; lastKnownFileType = sourcecode.c.h; path = H264HwEncoderImpl.h; sourceTree = "<group>"; };
		ED48F67E1C93F9100069B77F /* H264HwEncoderImpl.m */ = {isa = PBXFileReference; fileEncoding = 4; lastKnownFileType = sourcecode.c.objc; path = H264HwEncoderImpl.m; sourceTree = "<group>"; };
		ED5B10AF1CA6939900BEEA27 /* amf.h */ = {isa = PBXFileReference; fileEncoding = 4; lastKnownFileType = sourcecode.c.h; path = amf.h; sourceTree = "<group>"; };
		ED5B10B01CA6939900BEEA27 /* rtmp.h */ = {isa = PBXFileReference; fileEncoding = 4; lastKnownFileType = sourcecode.c.h; path = rtmp.h; sourceTree = "<group>"; };
		ED5B10B11CA693A400BEEA27 /* Default-568h@2x.png */ = {isa = PBXFileReference; lastKnownFileType = image.png; name = "Default-568h@2x.png"; path = "../Default-568h@2x.png"; sourceTree = "<group>"; };
		ED5B10B31CA6940600BEEA27 /* librtmp.a */ = {isa = PBXFileReference; lastKnownFileType = archive.ar; path = librtmp.a; sourceTree = "<group>"; };
		ED5B10B61CA6985B00BEEA27 /* libssl.a */ = {isa = PBXFileReference; lastKnownFileType = archive.ar; path = libssl.a; sourceTree = "<group>"; };
		ED5B10BA1CA6995600BEEA27 /* libcrypto.a */ = {isa = PBXFileReference; lastKnownFileType = archive.ar; path = libcrypto.a; sourceTree = "<group>"; };
		ED5B10BC1CA69DCF00BEEA27 /* libz.1.1.3.tbd */ = {isa = PBXFileReference; lastKnownFileType = "sourcecode.text-based-dylib-definition"; name = libz.1.1.3.tbd; path = usr/lib/libz.1.1.3.tbd; sourceTree = SDKROOT; };
		EDB4DBBB1CA4CB7400ECC2CF /* RTMPSession.mm */ = {isa = PBXFileReference; fileEncoding = 4; lastKnownFileType = sourcecode.cpp.objcpp; path = RTMPSession.mm; sourceTree = "<group>"; };
		EDB4DBBD1CA4CBB200ECC2CF /* RTMPSession.h */ = {isa = PBXFileReference; fileEncoding = 4; lastKnownFileType = sourcecode.c.h; path = RTMPSession.h; sourceTree = "<group>"; };
		EDB4DBBE1CA4CC0B00ECC2CF /* CameraSource.m */ = {isa = PBXFileReference; fileEncoding = 4; lastKnownFileType = sourcecode.c.objc; path = CameraSource.m; sourceTree = "<group>"; };
		EDB4DBC01CA4CC2C00ECC2CF /* CameraSource.h */ = {isa = PBXFileReference; fileEncoding = 4; lastKnownFileType = sourcecode.c.h; path = CameraSource.h; sourceTree = "<group>"; };
		EDF129501C93E4180014CB61 /* AVRecorder.app */ = {isa = PBXFileReference; explicitFileType = wrapper.application; includeInIndex = 0; path = AVRecorder.app; sourceTree = BUILT_PRODUCTS_DIR; };
		EDF129541C93E4180014CB61 /* main.m */ = {isa = PBXFileReference; lastKnownFileType = sourcecode.c.objc; path = main.m; sourceTree = "<group>"; };
		EDF129561C93E4180014CB61 /* AppDelegate.h */ = {isa = PBXFileReference; lastKnownFileType = sourcecode.c.h; path = AppDelegate.h; sourceTree = "<group>"; };
		EDF129571C93E4180014CB61 /* AppDelegate.m */ = {isa = PBXFileReference; lastKnownFileType = sourcecode.c.objc; path = AppDelegate.m; sourceTree = "<group>"; };
		EDF129591C93E4180014CB61 /* ViewController.h */ = {isa = PBXFileReference; lastKnownFileType = sourcecode.c.h; path = ViewController.h; sourceTree = "<group>"; };
		EDF1295A1C93E4180014CB61 /* ViewController.m */ = {isa = PBXFileReference; lastKnownFileType = sourcecode.c.objc; path = ViewController.m; sourceTree = "<group>"; };
		EDF1295D1C93E4180014CB61 /* Base */ = {isa = PBXFileReference; lastKnownFileType = file.storyboard; name = Base; path = Base.lproj/Main.storyboard; sourceTree = "<group>"; };
		EDF1295F1C93E4180014CB61 /* Assets.xcassets */ = {isa = PBXFileReference; lastKnownFileType = folder.assetcatalog; path = Assets.xcassets; sourceTree = "<group>"; };
		EDF129621C93E4180014CB61 /* Base */ = {isa = PBXFileReference; lastKnownFileType = file.storyboard; name = Base; path = Base.lproj/LaunchScreen.storyboard; sourceTree = "<group>"; };
		EDF129641C93E4180014CB61 /* Info.plist */ = {isa = PBXFileReference; lastKnownFileType = text.plist.xml; path = Info.plist; sourceTree = "<group>"; };
		EDF129691C93E4180014CB61 /* AVRecorderTests.xctest */ = {isa = PBXFileReference; explicitFileType = wrapper.cfbundle; includeInIndex = 0; path = AVRecorderTests.xctest; sourceTree = BUILT_PRODUCTS_DIR; };
		EDF1296D1C93E4180014CB61 /* AVRecorderTests.m */ = {isa = PBXFileReference; lastKnownFileType = sourcecode.c.objc; path = AVRecorderTests.m; sourceTree = "<group>"; };
		EDF1296F1C93E4180014CB61 /* Info.plist */ = {isa = PBXFileReference; lastKnownFileType = text.plist.xml; path = Info.plist; sourceTree = "<group>"; };
		EDF129741C93E4180014CB61 /* AVRecorderUITests.xctest */ = {isa = PBXFileReference; explicitFileType = wrapper.cfbundle; includeInIndex = 0; path = AVRecorderUITests.xctest; sourceTree = BUILT_PRODUCTS_DIR; };
		EDF129781C93E4180014CB61 /* AVRecorderUITests.m */ = {isa = PBXFileReference; lastKnownFileType = sourcecode.c.objc; path = AVRecorderUITests.m; sourceTree = "<group>"; };
		EDF1297A1C93E4180014CB61 /* Info.plist */ = {isa = PBXFileReference; lastKnownFileType = text.plist.xml; path = Info.plist; sourceTree = "<group>"; };
/* End PBXFileReference section */

/* Begin PBXFrameworksBuildPhase section */
		EDF1294D1C93E4180014CB61 /* Frameworks */ = {
			isa = PBXFrameworksBuildPhase;
			buildActionMask = 2147483647;
			files = (
				ED5B10BD1CA69DCF00BEEA27 /* libz.1.1.3.tbd in Frameworks */,
				ED5B10B71CA6985B00BEEA27 /* libssl.a in Frameworks */,
				ED5B10B51CA694EF00BEEA27 /* librtmp.a in Frameworks */,
				ED5B10BB1CA6995600BEEA27 /* libcrypto.a in Frameworks */,
			);
			runOnlyForDeploymentPostprocessing = 0;
		};
		EDF129661C93E4180014CB61 /* Frameworks */ = {
			isa = PBXFrameworksBuildPhase;
			buildActionMask = 2147483647;
			files = (
			);
			runOnlyForDeploymentPostprocessing = 0;
		};
		EDF129711C93E4180014CB61 /* Frameworks */ = {
			isa = PBXFrameworksBuildPhase;
			buildActionMask = 2147483647;
			files = (
			);
			runOnlyForDeploymentPostprocessing = 0;
		};
/* End PBXFrameworksBuildPhase section */

/* Begin PBXGroup section */
		ED5B0FAA1CA629B800BEEA27 /* 3rdinclude */ = {
			isa = PBXGroup;
			children = (
				ED5B0FAB1CA629B800BEEA27 /* librtmp */,
			);
			path = 3rdinclude;
			sourceTree = "<group>";
		};
		ED5B0FAB1CA629B800BEEA27 /* librtmp */ = {
			isa = PBXGroup;
			children = (
				ED5B10AF1CA6939900BEEA27 /* amf.h */,
				ED5B10B01CA6939900BEEA27 /* rtmp.h */,
			);
			path = librtmp;
			sourceTree = "<group>";
		};
		EDB4DBC11CA5243300ECC2CF /* Framework */ = {
			isa = PBXGroup;
			children = (
				ED5B10BC1CA69DCF00BEEA27 /* libz.1.1.3.tbd */,
				ED5B10BA1CA6995600BEEA27 /* libcrypto.a */,
				ED5B10B61CA6985B00BEEA27 /* libssl.a */,
				ED5B10B31CA6940600BEEA27 /* librtmp.a */,
			);
			name = Framework;
			sourceTree = "<group>";
		};
		EDF129471C93E4180014CB61 = {
			isa = PBXGroup;
			children = (
				EDB4DBC11CA5243300ECC2CF /* Framework */,
				EDF129521C93E4180014CB61 /* AVRecorder */,
				EDF1296C1C93E4180014CB61 /* AVRecorderTests */,
				EDF129771C93E4180014CB61 /* AVRecorderUITests */,
				EDF129511C93E4180014CB61 /* Products */,
			);
			sourceTree = "<group>";
		};
		EDF129511C93E4180014CB61 /* Products */ = {
			isa = PBXGroup;
			children = (
				EDF129501C93E4180014CB61 /* AVRecorder.app */,
				EDF129691C93E4180014CB61 /* AVRecorderTests.xctest */,
				EDF129741C93E4180014CB61 /* AVRecorderUITests.xctest */,
			);
			name = Products;
			sourceTree = "<group>";
		};
		EDF129521C93E4180014CB61 /* AVRecorder */ = {
			isa = PBXGroup;
			children = (
				EDB4DBC01CA4CC2C00ECC2CF /* CameraSource.h */,
				EDB4DBBE1CA4CC0B00ECC2CF /* CameraSource.m */,
				EDB4DBBB1CA4CB7400ECC2CF /* RTMPSession.mm */,
				EDB4DBBD1CA4CBB200ECC2CF /* RTMPSession.h */,
				ED48F67D1C93F9100069B77F /* H264HwEncoderImpl.h */,
				ED48F67E1C93F9100069B77F /* H264HwEncoderImpl.m */,
				EDF129561C93E4180014CB61 /* AppDelegate.h */,
				EDF129571C93E4180014CB61 /* AppDelegate.m */,
				EDF129591C93E4180014CB61 /* ViewController.h */,
				EDF1295A1C93E4180014CB61 /* ViewController.m */,
				EDF1295C1C93E4180014CB61 /* Main.storyboard */,
				EDF1295F1C93E4180014CB61 /* Assets.xcassets */,
				ED5B10B11CA693A400BEEA27 /* Default-568h@2x.png */,
				EDF129611C93E4180014CB61 /* LaunchScreen.storyboard */,
				EDF129641C93E4180014CB61 /* Info.plist */,
				ED5B0FAA1CA629B800BEEA27 /* 3rdinclude */,
				EDF129531C93E4180014CB61 /* Supporting Files */,
			);
			path = AVRecorder;
			sourceTree = "<group>";
		};
		EDF129531C93E4180014CB61 /* Supporting Files */ = {
			isa = PBXGroup;
			children = (
				EDF129541C93E4180014CB61 /* main.m */,
			);
			name = "Supporting Files";
			sourceTree = "<group>";
		};
		EDF1296C1C93E4180014CB61 /* AVRecorderTests */ = {
			isa = PBXGroup;
			children = (
				EDF1296D1C93E4180014CB61 /* AVRecorderTests.m */,
				EDF1296F1C93E4180014CB61 /* Info.plist */,
			);
			path = AVRecorderTests;
			sourceTree = "<group>";
		};
		EDF129771C93E4180014CB61 /* AVRecorderUITests */ = {
			isa = PBXGroup;
			children = (
				EDF129781C93E4180014CB61 /* AVRecorderUITests.m */,
				EDF1297A1C93E4180014CB61 /* Info.plist */,
			);
			path = AVRecorderUITests;
			sourceTree = "<group>";
		};
/* End PBXGroup section */

/* Begin PBXNativeTarget section */
		EDF1294F1C93E4180014CB61 /* AVRecorder */ = {
			isa = PBXNativeTarget;
			buildConfigurationList = EDF1297D1C93E4180014CB61 /* Build configuration list for PBXNativeTarget "AVRecorder" */;
			buildPhases = (
				EDF1294C1C93E4180014CB61 /* Sources */,
				EDF1294D1C93E4180014CB61 /* Frameworks */,
				EDF1294E1C93E4180014CB61 /* Resources */,
			);
			buildRules = (
			);
			dependencies = (
			);
			name = AVRecorder;
			productName = AVRecorder;
			productReference = EDF129501C93E4180014CB61 /* AVRecorder.app */;
			productType = "com.apple.product-type.application";
		};
		EDF129681C93E4180014CB61 /* AVRecorderTests */ = {
			isa = PBXNativeTarget;
			buildConfigurationList = EDF129801C93E4180014CB61 /* Build configuration list for PBXNativeTarget "AVRecorderTests" */;
			buildPhases = (
				EDF129651C93E4180014CB61 /* Sources */,
				EDF129661C93E4180014CB61 /* Frameworks */,
				EDF129671C93E4180014CB61 /* Resources */,
			);
			buildRules = (
			);
			dependencies = (
				EDF1296B1C93E4180014CB61 /* PBXTargetDependency */,
			);
			name = AVRecorderTests;
			productName = AVRecorderTests;
			productReference = EDF129691C93E4180014CB61 /* AVRecorderTests.xctest */;
			productType = "com.apple.product-type.bundle.unit-test";
		};
		EDF129731C93E4180014CB61 /* AVRecorderUITests */ = {
			isa = PBXNativeTarget;
			buildConfigurationList = EDF129831C93E4180014CB61 /* Build configuration list for PBXNativeTarget "AVRecorderUITests" */;
			buildPhases = (
				EDF129701C93E4180014CB61 /* Sources */,
				EDF129711C93E4180014CB61 /* Frameworks */,
				EDF129721C93E4180014CB61 /* Resources */,
			);
			buildRules = (
			);
			dependencies = (
				EDF129761C93E4180014CB61 /* PBXTargetDependency */,
			);
			name = AVRecorderUITests;
			productName = AVRecorderUITests;
			productReference = EDF129741C93E4180014CB61 /* AVRecorderUITests.xctest */;
			productType = "com.apple.product-type.bundle.ui-testing";
		};
/* End PBXNativeTarget section */

/* Begin PBXProject section */
		EDF129481C93E4180014CB61 /* Project object */ = {
			isa = PBXProject;
			attributes = {
				LastUpgradeCheck = 0720;
				ORGANIZATIONNAME = XCKanKan;
				TargetAttributes = {
					EDF1294F1C93E4180014CB61 = {
						CreatedOnToolsVersion = 7.2.1;
					};
					EDF129681C93E4180014CB61 = {
						CreatedOnToolsVersion = 7.2.1;
						TestTargetID = EDF1294F1C93E4180014CB61;
					};
					EDF129731C93E4180014CB61 = {
						CreatedOnToolsVersion = 7.2.1;
						TestTargetID = EDF1294F1C93E4180014CB61;
					};
				};
			};
			buildConfigurationList = EDF1294B1C93E4180014CB61 /* Build configuration list for PBXProject "AVRecorder" */;
			compatibilityVersion = "Xcode 3.2";
			developmentRegion = English;
			hasScannedForEncodings = 0;
			knownRegions = (
				en,
				Base,
			);
			mainGroup = EDF129471C93E4180014CB61;
			productRefGroup = EDF129511C93E4180014CB61 /* Products */;
			projectDirPath = "";
			projectRoot = "";
			targets = (
				EDF1294F1C93E4180014CB61 /* AVRecorder */,
				EDF129681C93E4180014CB61 /* AVRecorderTests */,
				EDF129731C93E4180014CB61 /* AVRecorderUITests */,
			);
		};
/* End PBXProject section */

/* Begin PBXResourcesBuildPhase section */
		EDF1294E1C93E4180014CB61 /* Resources */ = {
			isa = PBXResourcesBuildPhase;
			buildActionMask = 2147483647;
			files = (
				EDF129631C93E4180014CB61 /* LaunchScreen.storyboard in Resources */,
				ED5B10B21CA693A400BEEA27 /* Default-568h@2x.png in Resources */,
				EDF129601C93E4180014CB61 /* Assets.xcassets in Resources */,
				EDF1295E1C93E4180014CB61 /* Main.storyboard in Resources */,
			);
			runOnlyForDeploymentPostprocessing = 0;
		};
		EDF129671C93E4180014CB61 /* Resources */ = {
			isa = PBXResourcesBuildPhase;
			buildActionMask = 2147483647;
			files = (
			);
			runOnlyForDeploymentPostprocessing = 0;
		};
		EDF129721C93E4180014CB61 /* Resources */ = {
			isa = PBXResourcesBuildPhase;
			buildActionMask = 2147483647;
			files = (
			);
			runOnlyForDeploymentPostprocessing = 0;
		};
/* End PBXResourcesBuildPhase section */

/* Begin PBXSourcesBuildPhase section */
		EDF1294C1C93E4180014CB61 /* Sources */ = {
			isa = PBXSourcesBuildPhase;
			buildActionMask = 2147483647;
			files = (
				EDF1295B1C93E4180014CB61 /* ViewController.m in Sources */,
				EDF129581C93E4180014CB61 /* AppDelegate.m in Sources */,
				EDF129551C93E4180014CB61 /* main.m in Sources */,
				EDB4DBBC1CA4CB7400ECC2CF /* RTMPSession.mm in Sources */,
				ED48F67F1C93F9100069B77F /* H264HwEncoderImpl.m in Sources */,
				EDB4DBBF1CA4CC0B00ECC2CF /* CameraSource.m in Sources */,
			);
			runOnlyForDeploymentPostprocessing = 0;
		};
		EDF129651C93E4180014CB61 /* Sources */ = {
			isa = PBXSourcesBuildPhase;
			buildActionMask = 2147483647;
			files = (
				EDF1296E1C93E4180014CB61 /* AVRecorderTests.m in Sources */,
			);
			runOnlyForDeploymentPostprocessing = 0;
		};
		EDF129701C93E4180014CB61 /* Sources */ = {
			isa = PBXSourcesBuildPhase;
			buildActionMask = 2147483647;
			files = (
				EDF129791C93E4180014CB61 /* AVRecorderUITests.m in Sources */,
			);
			runOnlyForDeploymentPostprocessing = 0;
		};
/* End PBXSourcesBuildPhase section */

/* Begin PBXTargetDependency section */
		EDF1296B1C93E4180014CB61 /* PBXTargetDependency */ = {
			isa = PBXTargetDependency;
			target = EDF1294F1C93E4180014CB61 /* AVRecorder */;
			targetProxy = EDF1296A1C93E4180014CB61 /* PBXContainerItemProxy */;
		};
		EDF129761C93E4180014CB61 /* PBXTargetDependency */ = {
			isa = PBXTargetDependency;
			target = EDF1294F1C93E4180014CB61 /* AVRecorder */;
			targetProxy = EDF129751C93E4180014CB61 /* PBXContainerItemProxy */;
		};
/* End PBXTargetDependency section */

/* Begin PBXVariantGroup section */
		EDF1295C1C93E4180014CB61 /* Main.storyboard */ = {
			isa = PBXVariantGroup;
			children = (
				EDF1295D1C93E4180014CB61 /* Base */,
			);
			name = Main.storyboard;
			sourceTree = "<group>";
		};
		EDF129611C93E4180014CB61 /* LaunchScreen.storyboard */ = {
			isa = PBXVariantGroup;
			children = (
				EDF129621C93E4180014CB61 /* Base */,
			);
			name = LaunchScreen.storyboard;
			sourceTree = "<group>";
		};
/* End PBXVariantGroup section */

/* Begin XCBuildConfiguration section */
		EDF1297B1C93E4180014CB61 /* Debug */ = {
			isa = XCBuildConfiguration;
			buildSettings = {
				ALWAYS_SEARCH_USER_PATHS = NO;
				CLANG_CXX_LANGUAGE_STANDARD = "gnu++0x";
				CLANG_CXX_LIBRARY = "libc++";
				CLANG_ENABLE_MODULES = YES;
				CLANG_ENABLE_OBJC_ARC = YES;
				CLANG_WARN_BOOL_CONVERSION = YES;
				CLANG_WARN_CONSTANT_CONVERSION = YES;
				CLANG_WARN_DIRECT_OBJC_ISA_USAGE = YES_ERROR;
				CLANG_WARN_EMPTY_BODY = YES;
				CLANG_WARN_ENUM_CONVERSION = YES;
				CLANG_WARN_INT_CONVERSION = YES;
				CLANG_WARN_OBJC_ROOT_CLASS = YES_ERROR;
				CLANG_WARN_UNREACHABLE_CODE = YES;
				CLANG_WARN__DUPLICATE_METHOD_MATCH = YES;
				"CODE_SIGN_IDENTITY[sdk=iphoneos*]" = "iPhone Developer";
				COPY_PHASE_STRIP = NO;
				DEBUG_INFORMATION_FORMAT = dwarf;
				ENABLE_STRICT_OBJC_MSGSEND = YES;
				ENABLE_TESTABILITY = YES;
				GCC_C_LANGUAGE_STANDARD = gnu99;
				GCC_DYNAMIC_NO_PIC = NO;
				GCC_NO_COMMON_BLOCKS = YES;
				GCC_OPTIMIZATION_LEVEL = 0;
				GCC_PREPROCESSOR_DEFINITIONS = (
					"DEBUG=1",
					"$(inherited)",
				);
				GCC_WARN_64_TO_32_BIT_CONVERSION = YES;
				GCC_WARN_ABOUT_RETURN_TYPE = YES_ERROR;
				GCC_WARN_UNDECLARED_SELECTOR = YES;
				GCC_WARN_UNINITIALIZED_AUTOS = YES_AGGRESSIVE;
				GCC_WARN_UNUSED_FUNCTION = YES;
				GCC_WARN_UNUSED_VARIABLE = YES;
				IPHONEOS_DEPLOYMENT_TARGET = 9.2;
				MTL_ENABLE_DEBUG_INFO = YES;
				ONLY_ACTIVE_ARCH = YES;
				SDKROOT = iphoneos;
			};
			name = Debug;
		};
		EDF1297C1C93E4180014CB61 /* Release */ = {
			isa = XCBuildConfiguration;
			buildSettings = {
				ALWAYS_SEARCH_USER_PATHS = NO;
				CLANG_CXX_LANGUAGE_STANDARD = "gnu++0x";
				CLANG_CXX_LIBRARY = "libc++";
				CLANG_ENABLE_MODULES = YES;
				CLANG_ENABLE_OBJC_ARC = YES;
				CLANG_WARN_BOOL_CONVERSION = YES;
				CLANG_WARN_CONSTANT_CONVERSION = YES;
				CLANG_WARN_DIRECT_OBJC_ISA_USAGE = YES_ERROR;
				CLANG_WARN_EMPTY_BODY = YES;
				CLANG_WARN_ENUM_CONVERSION = YES;
				CLANG_WARN_INT_CONVERSION = YES;
				CLANG_WARN_OBJC_ROOT_CLASS = YES_ERROR;
				CLANG_WARN_UNREACHABLE_CODE = YES;
				CLANG_WARN__DUPLICATE_METHOD_MATCH = YES;
				"CODE_SIGN_IDENTITY[sdk=iphoneos*]" = "iPhone Developer";
				COPY_PHASE_STRIP = NO;
				DEBUG_INFORMATION_FORMAT = "dwarf-with-dsym";
				ENABLE_NS_ASSERTIONS = NO;
				ENABLE_STRICT_OBJC_MSGSEND = YES;
				GCC_C_LANGUAGE_STANDARD = gnu99;
				GCC_NO_COMMON_BLOCKS = YES;
				GCC_WARN_64_TO_32_BIT_CONVERSION = YES;
				GCC_WARN_ABOUT_RETURN_TYPE = YES_ERROR;
				GCC_WARN_UNDECLARED_SELECTOR = YES;
				GCC_WARN_UNINITIALIZED_AUTOS = YES_AGGRESSIVE;
				GCC_WARN_UNUSED_FUNCTION = YES;
				GCC_WARN_UNUSED_VARIABLE = YES;
				IPHONEOS_DEPLOYMENT_TARGET = 9.2;
				MTL_ENABLE_DEBUG_INFO = NO;
				SDKROOT = iphoneos;
				VALIDATE_PRODUCT = YES;
			};
			name = Release;
		};
		EDF1297E1C93E4180014CB61 /* Debug */ = {
			isa = XCBuildConfiguration;
			buildSettings = {
				ASSETCATALOG_COMPILER_APPICON_NAME = AppIcon;
				CODE_SIGN_IDENTITY = "iPhone Developer: zhenyu chen (ASC834UP5L)";
				ENABLE_BITCODE = NO;
				INFOPLIST_FILE = AVRecorder/Info.plist;
				LD_RUNPATH_SEARCH_PATHS = "$(inherited) @executable_path/Frameworks";
				LIBRARY_SEARCH_PATHS = (
					"$(inherited)",
					"$(PROJECT_DIR)",
				);
				PRODUCT_BUNDLE_IDENTIFIER = com.xiangchao.iphonettkankan;
				PRODUCT_NAME = "$(TARGET_NAME)";
				PROVISIONING_PROFILE = "";
			};
			name = Debug;
		};
		EDF1297F1C93E4180014CB61 /* Release */ = {
			isa = XCBuildConfiguration;
			buildSettings = {
				ASSETCATALOG_COMPILER_APPICON_NAME = AppIcon;
				CODE_SIGN_IDENTITY = "iPhone Developer: zhenyu chen (ASC834UP5L)";
				"CODE_SIGN_IDENTITY[sdk=iphoneos*]" = "iPhone Developer: zhenyu chen (ASC834UP5L)";
				ENABLE_BITCODE = NO;
				INFOPLIST_FILE = AVRecorder/Info.plist;
				LD_RUNPATH_SEARCH_PATHS = "$(inherited) @executable_path/Frameworks";
				LIBRARY_SEARCH_PATHS = (
					"$(inherited)",
					"$(PROJECT_DIR)",
				);
				PRODUCT_BUNDLE_IDENTIFIER = com.xiangchao.iphonettkankan;
				PRODUCT_NAME = "$(TARGET_NAME)";
				PROVISIONING_PROFILE = "";
			};
			name = Release;
		};
		EDF129811C93E4180014CB61 /* Debug */ = {
			isa = XCBuildConfiguration;
			buildSettings = {
				BUNDLE_LOADER = "$(TEST_HOST)";
				INFOPLIST_FILE = AVRecorderTests/Info.plist;
				LD_RUNPATH_SEARCH_PATHS = "$(inherited) @executable_path/Frameworks @loader_path/Frameworks";
				PRODUCT_BUNDLE_IDENTIFIER = XCKanKan.AVRecorderTests;
				PRODUCT_NAME = "$(TARGET_NAME)";
				TEST_HOST = "$(BUILT_PRODUCTS_DIR)/AVRecorder.app/AVRecorder";
			};
			name = Debug;
		};
		EDF129821C93E4180014CB61 /* Release */ = {
			isa = XCBuildConfiguration;
			buildSettings = {
				BUNDLE_LOADER = "$(TEST_HOST)";
				INFOPLIST_FILE = AVRecorderTests/Info.plist;
				LD_RUNPATH_SEARCH_PATHS = "$(inherited) @executable_path/Frameworks @loader_path/Frameworks";
				PRODUCT_BUNDLE_IDENTIFIER = XCKanKan.AVRecorderTests;
				PRODUCT_NAME = "$(TARGET_NAME)";
				TEST_HOST = "$(BUILT_PRODUCTS_DIR)/AVRecorder.app/AVRecorder";
			};
			name = Release;
		};
		EDF129841C93E4180014CB61 /* Debug */ = {
			isa = XCBuildConfiguration;
			buildSettings = {
				INFOPLIST_FILE = AVRecorderUITests/Info.plist;
				LD_RUNPATH_SEARCH_PATHS = "$(inherited) @executable_path/Frameworks @loader_path/Frameworks";
				PRODUCT_BUNDLE_IDENTIFIER = XCKanKan.AVRecorderUITests;
				PRODUCT_NAME = "$(TARGET_NAME)";
				TEST_TARGET_NAME = AVRecorder;
				USES_XCTRUNNER = YES;
			};
			name = Debug;
		};
		EDF129851C93E4180014CB61 /* Release */ = {
			isa = XCBuildConfiguration;
			buildSettings = {
				INFOPLIST_FILE = AVRecorderUITests/Info.plist;
				LD_RUNPATH_SEARCH_PATHS = "$(inherited) @executable_path/Frameworks @loader_path/Frameworks";
				PRODUCT_BUNDLE_IDENTIFIER = XCKanKan.AVRecorderUITests;
				PRODUCT_NAME = "$(TARGET_NAME)";
				TEST_TARGET_NAME = AVRecorder;
				USES_XCTRUNNER = YES;
			};
			name = Release;
		};
/* End XCBuildConfiguration section */

/* Begin XCConfigurationList section */
		EDF1294B1C93E4180014CB61 /* Build configuration list for PBXProject "AVRecorder" */ = {
			isa = XCConfigurationList;
			buildConfigurations = (
				EDF1297B1C93E4180014CB61 /* Debug */,
				EDF1297C1C93E4180014CB61 /* Release */,
			);
			defaultConfigurationIsVisible = 0;
			defaultConfigurationName = Release;
		};
		EDF1297D1C93E4180014CB61 /* Build configuration list for PBXNativeTarget "AVRecorder" */ = {
			isa = XCConfigurationList;
			buildConfigurations = (
				EDF1297E1C93E4180014CB61 /* Debug */,
				EDF1297F1C93E4180014CB61 /* Release */,
			);
			defaultConfigurationIsVisible = 0;
			defaultConfigurationName = Release;
		};
		EDF129801C93E4180014CB61 /* Build configuration list for PBXNativeTarget "AVRecorderTests" */ = {
			isa = XCConfigurationList;
			buildConfigurations = (
				EDF129811C93E4180014CB61 /* Debug */,
				EDF129821C93E4180014CB61 /* Release */,
			);
			defaultConfigurationIsVisible = 0;
			defaultConfigurationName = Release;
		};
		EDF129831C93E4180014CB61 /* Build configuration list for PBXNativeTarget "AVRecorderUITests" */ = {
			isa = XCConfigurationList;
			buildConfigurations = (
				EDF129841C93E4180014CB61 /* Debug */,
				EDF129851C93E4180014CB61 /* Release */,
			);
			defaultConfigurationIsVisible = 0;
			defaultConfigurationName = Release;
		};
/* End XCConfigurationList section */
	};
	rootObject = EDF129481C93E4180014CB61 /* Project object */;
}
